
Microsoft Visual Studio Solution File, Format Version 12.00
# Visual Studio Version 17
VisualStudioVersion = 17.4.33213.308
MinimumVisualStudioVersion = 10.0.40219.1
Project("{FAE04EC0-301F-11D3-BF4B-00C04F79EFBC}") = "TinkoffTest5", "TinkoffTest5\TinkoffTest5.csproj", "{9DBA7992-01E4-43AE-A651-4126008794A1}"
EndProject
Global
	GlobalSection(SolutionConfigurationPlatforms) = preSolution
		Debug|Any CPU = Debug|Any CPU
		Release|Any CPU = Release|Any CPU
	EndGlobalSection
	GlobalSection(ProjectConfigurationPlatforms) = postSolution
		{9DBA7992-01E4-43AE-A651-4126008794A1}.Debug|Any CPU.ActiveCfg = Debug|Any CPU
		{9DBA7992-01E4-43AE-A651-4126008794A1}.Debug|Any CPU.Build.0 = Debug|Any CPU
		{9DBA7992-01E4-43AE-A651-4126008794A1}.Release|Any CPU.ActiveCfg = Release|Any CPU
		{9DBA7992-01E4-43AE-A651-4126008794A1}.Release|Any CPU.Build.0 = Release|Any CPU
	EndGlobalSection
	GlobalSection(SolutionProperties) = preSolution
		HideSolutionNode = FALSE
	EndGlobalSection
	GlobalSection(ExtensibilityGlobals) = postSolution
		SolutionGuid = {F5D3DD04-0B77-4C4E-BC1B-08B3A21A9169}
	EndGlobalSection
EndGlobal
